
Microsoft Visual Studio Solution File, Format Version 12.00
# Visual Studio Version 17
VisualStudioVersion = 17.5.002.0
MinimumVisualStudioVersion = 10.0.40219.1
Project("{9A19103F-16F7-4668-BE54-9A1E7A4F7556}") = "Billy-BE", "Billy-BE.csproj", "{CCDB51A5-F05D-4C27-A7D7-E0FB93936635}"
EndProject
Global
	GlobalSection(SolutionConfigurationPlatforms) = preSolution
		Debug|Any CPU = Debug|Any CPU
		Release|Any CPU = Release|Any CPU
	EndGlobalSection
	GlobalSection(ProjectConfigurationPlatforms) = postSolution
		{CCDB51A5-F05D-4C27-A7D7-E0FB93936635}.Debug|Any CPU.ActiveCfg = Debug|Any CPU
		{CCDB51A5-F05D-4C27-A7D7-E0FB93936635}.Debug|Any CPU.Build.0 = Debug|Any CPU
		{CCDB51A5-F05D-4C27-A7D7-E0FB93936635}.Release|Any CPU.ActiveCfg = Release|Any CPU
		{CCDB51A5-F05D-4C27-A7D7-E0FB93936635}.Release|Any CPU.Build.0 = Release|Any CPU
	EndGlobalSection
	GlobalSection(SolutionProperties) = preSolution
		HideSolutionNode = FALSE
	EndGlobalSection
	GlobalSection(ExtensibilityGlobals) = postSolution
		SolutionGuid = {2C805610-A708-44D1-9851-0AEB09B3349E}
	EndGlobalSection
EndGlobal
